// !$*UTF8*$!
{
	archiveVersion = 1;
	classes = {
	};
	objectVersion = 46;
	objects = {

/* Begin PBXBuildFile section */
		7FFD34111E85AEFC00050098 /* AppDelegate.swift in Sources */ = {isa = PBXBuildFile; fileRef = 7FFD34101E85AEFC00050098 /* AppDelegate.swift */; };
		7FFD34131E85AEFC00050098 /* ViewController.swift in Sources */ = {isa = PBXBuildFile; fileRef = 7FFD34121E85AEFC00050098 /* ViewController.swift */; };
		7FFD34161E85AEFC00050098 /* Main.storyboard in Resources */ = {isa = PBXBuildFile; fileRef = 7FFD34141E85AEFC00050098 /* Main.storyboard */; };
		7FFD34181E85AEFC00050098 /* Assets.xcassets in Resources */ = {isa = PBXBuildFile; fileRef = 7FFD34171E85AEFC00050098 /* Assets.xcassets */; };
		7FFD341B1E85AEFC00050098 /* LaunchScreen.storyboard in Resources */ = {isa = PBXBuildFile; fileRef = 7FFD34191E85AEFC00050098 /* LaunchScreen.storyboard */; };
/* End PBXBuildFile section */

/* Begin PBXFileReference section */
		7FFD340D1E85AEFC00050098 /* MagicPill.app */ = {isa = PBXFileReference; explicitFileType = wrapper.application; includeInIndex = 0; path = MagicPill.app; sourceTree = BUILT_PRODUCTS_DIR; };
		7FFD34101E85AEFC00050098 /* AppDelegate.swift */ = {isa = PBXFileReference; lastKnownFileType = sourcecode.swift; path = AppDelegate.swift; sourceTree = "<group>"; };
		7FFD34121E85AEFC00050098 /* ViewController.swift */ = {isa = PBXFileReference; lastKnownFileType = sourcecode.swift; path = ViewController.swift; sourceTree = "<group>"; };
		7FFD34151E85AEFC00050098 /* Base */ = {isa = PBXFileReference; lastKnownFileType = file.storyboard; name = Base; path = Base.lproj/Main.storyboard; sourceTree = "<group>"; };
		7FFD34171E85AEFC00050098 /* Assets.xcassets */ = {isa = PBXFileReference; lastKnownFileType = folder.assetcatalog; path = Assets.xcassets; sourceTree = "<group>"; };
		7FFD341A1E85AEFC00050098 /* Base */ = {isa = PBXFileReference; lastKnownFileType = file.storyboard; name = Base; path = Base.lproj/LaunchScreen.storyboard; sourceTree = "<group>"; };
		7FFD341C1E85AEFC00050098 /* Info.plist */ = {isa = PBXFileReference; lastKnownFileType = text.plist.xml; path = Info.plist; sourceTree = "<group>"; };
/* End PBXFileReference section */

/* Begin PBXFrameworksBuildPhase section */
		7FFD340A1E85AEFC00050098 /* Frameworks */ = {
			isa = PBXFrameworksBuildPhase;
			buildActionMask = 2147483647;
			files = (
			);
			runOnlyForDeploymentPostprocessing = 0;
		};
/* End PBXFrameworksBuildPhase section */

/* Begin PBXGroup section */
		7FFD34041E85AEFB00050098 = {
			isa = PBXGroup;
			children = (
				7FFD340F1E85AEFC00050098 /* MagicPill */,
				7FFD340E1E85AEFC00050098 /* Products */,
			);
			sourceTree = "<group>";
		};
		7FFD340E1E85AEFC00050098 /* Products */ = {
			isa = PBXGroup;
			children = (
				7FFD340D1E85AEFC00050098 /* MagicPill.app */,
			);
			name = Products;
			sourceTree = "<group>";
		};
		7FFD340F1E85AEFC00050098 /* MagicPill */ = {
			isa = PBXGroup;
			children = (
				7FFD34101E85AEFC00050098 /* AppDelegate.swift */,
				7FFD34121E85AEFC00050098 /* ViewController.swift */,
				7FFD34141E85AEFC00050098 /* Main.storyboard */,
				7FFD34171E85AEFC00050098 /* Assets.xcassets */,
				7FFD34191E85AEFC00050098 /* LaunchScreen.storyboard */,
				7FFD341C1E85AEFC00050098 /* Info.plist */,
			);
			path = MagicPill;
			sourceTree = "<group>";
		};
/* End PBXGroup section */

/* Begin PBXNativeTarget section */
		7FFD340C1E85AEFC00050098 /* MagicPill */ = {
			isa = PBXNativeTarget;
			buildConfigurationList = 7FFD341F1E85AEFC00050098 /* Build configuration list for PBXNativeTarget "MagicPill" */;
			buildPhases = (
				7FFD34091E85AEFC00050098 /* Sources */,
				7FFD340A1E85AEFC00050098 /* Frameworks */,
				7FFD340B1E85AEFC00050098 /* Resources */,
			);
			buildRules = (
			);
			dependencies = (
			);
			name = MagicPill;
			productName = MagicPill;
			productReference = 7FFD340D1E85AEFC00050098 /* MagicPill.app */;
			productType = "com.apple.product-type.application";
		};
/* End PBXNativeTarget section */

/* Begin PBXProject section */
		7FFD34051E85AEFB00050098 /* Project object */ = {
			isa = PBXProject;
			attributes = {
				LastSwiftUpdateCheck = 0820;
				LastUpgradeCheck = 0820;
				ORGANIZATIONNAME = Sofiko;
				TargetAttributes = {
					7FFD340C1E85AEFC00050098 = {
						CreatedOnToolsVersion = 8.2.1;
						ProvisioningStyle = Automatic;
					};
				};
			};
			buildConfigurationList = 7FFD34081E85AEFB00050098 /* Build configuration list for PBXProject "MagicPill" */;
			compatibilityVersion = "Xcode 3.2";
			developmentRegion = English;
			hasScannedForEncodings = 0;
			knownRegions = (
				en,
				Base,
			);
			mainGroup = 7FFD34041E85AEFB00050098;
			productRefGroup = 7FFD340E1E85AEFC00050098 /* Products */;
			projectDirPath = "";
			projectRoot = "";
			targets = (
				7FFD340C1E85AEFC00050098 /* MagicPill */,
			);
		};
/* End PBXProject section */

/* Begin PBXResourcesBuildPhase section */
		7FFD340B1E85AEFC00050098 /* Resources */ = {
			isa = PBXResourcesBuildPhase;
			buildActionMask = 2147483647;
			files = (
				7FFD341B1E85AEFC00050098 /* LaunchScreen.storyboard in Resources */,
				7FFD34181E85AEFC00050098 /* Assets.xcassets in Resources */,
				7FFD34161E85AEFC00050098 /* Main.storyboard in Resources */,
			);
			runOnlyForDeploymentPostprocessing = 0;
		};
/* End PBXResourcesBuildPhase section */

/* Begin PBXSourcesBuildPhase section */
		7FFD34091E85AEFC00050098 /* Sources */ = {
			isa = PBXSourcesBuildPhase;
			buildActionMask = 2147483647;
			files = (
				7FFD34131E85AEFC00050098 /* ViewController.swift in Sources */,
				7FFD34111E85AEFC00050098 /* AppDelegate.swift in Sources */,
			);
			runOnlyForDeploymentPostprocessing = 0;
		};
/* End PBXSourcesBuildPhase section */

/* Begin PBXVariantGroup section */
		7FFD34141E85AEFC00050098 /* Main.storyboard */ = {
			isa = PBXVariantGroup;
			children = (
				7FFD34151E85AEFC00050098 /* Base */,
			);
			name = Main.storyboard;
			sourceTree = "<group>";
		};
		7FFD34191E85AEFC00050098 /* LaunchScreen.storyboard */ = {
			isa = PBXVariantGroup;
			children = (
				7FFD341A1E85AEFC00050098 /* Base */,
			);
			name = LaunchScreen.storyboard;
			sourceTree = "<group>";
		};
/* End PBXVariantGroup section */

/* Begin XCBuildConfiguration section */
		7FFD341D1E85AEFC00050098 /* Debug */ = {
			isa = XCBuildConfiguration;
			buildSettings = {
				ALWAYS_SEARCH_USER_PATHS = NO;
				CLANG_ANALYZER_NONNULL = YES;
				CLANG_CXX_LANGUAGE_STANDARD = "gnu++0x";
				CLANG_CXX_LIBRARY = "libc++";
				CLANG_ENABLE_MODULES = YES;
				CLANG_ENABLE_OBJC_ARC = YES;
				CLANG_WARN_BOOL_CONVERSION = YES;
				CLANG_WARN_CONSTANT_CONVERSION = YES;
				CLANG_WARN_DIRECT_OBJC_ISA_USAGE = YES_ERROR;
				CLANG_WARN_DOCUMENTATION_COMMENTS = YES;
				CLANG_WARN_EMPTY_BODY = YES;
				CLANG_WARN_ENUM_CONVERSION = YES;
				CLANG_WARN_INFINITE_RECURSION = YES;
				CLANG_WARN_INT_CONVERSION = YES;
				CLANG_WARN_OBJC_ROOT_CLASS = YES_ERROR;
				CLANG_WARN_SUSPICIOUS_MOVE = YES;
				CLANG_WARN_UNREACHABLE_CODE = YES;
				CLANG_WARN__DUPLICATE_METHOD_MATCH = YES;
				"CODE_SIGN_IDENTITY[sdk=iphoneos*]" = "iPhone Developer";
				COPY_PHASE_STRIP = NO;
				DEBUG_INFORMATION_FORMAT = dwarf;
				ENABLE_STRICT_OBJC_MSGSEND = YES;
				ENABLE_TESTABILITY = YES;
				GCC_C_LANGUAGE_STANDARD = gnu99;
				GCC_DYNAMIC_NO_PIC = NO;
				GCC_NO_COMMON_BLOCKS = YES;
				GCC_OPTIMIZATION_LEVEL = 0;
				GCC_PREPROCESSOR_DEFINITIONS = (
					"DEBUG=1",
					"$(inherited)",
				);
				GCC_WARN_64_TO_32_BIT_CONVERSION = YES;
				GCC_WARN_ABOUT_RETURN_TYPE = YES_ERROR;
				GCC_WARN_UNDECLARED_SELECTOR = YES;
				GCC_WARN_UNINITIALIZED_AUTOS = YES_AGGRESSIVE;
				GCC_WARN_UNUSED_FUNCTION = YES;
				GCC_WARN_UNUSED_VARIABLE = YES;
				IPHONEOS_DEPLOYMENT_TARGET = 10.2;
				MTL_ENABLE_DEBUG_INFO = YES;
				ONLY_ACTIVE_ARCH = YES;
				SDKROOT = iphoneos;
				SWIFT_ACTIVE_COMPILATION_CONDITIONS = DEBUG;
				SWIFT_OPTIMIZATION_LEVEL = "-Onone";
			};
			name = Debug;
		};
		7FFD341E1E85AEFC00050098 /* Release */ = {
			isa = XCBuildConfiguration;
			buildSettings = {
				ALWAYS_SEARCH_USER_PATHS = NO;
				CLANG_ANALYZER_NONNULL = YES;
				CLANG_CXX_LANGUAGE_STANDARD = "gnu++0x";
				CLANG_CXX_LIBRARY = "libc++";
				CLANG_ENABLE_MODULES = YES;
				CLANG_ENABLE_OBJC_ARC = YES;
				CLANG_WARN_BOOL_CONVERSION = YES;
				CLANG_WARN_CONSTANT_CONVERSION = YES;
				CLANG_WARN_DIRECT_OBJC_ISA_USAGE = YES_ERROR;
				CLANG_WARN_DOCUMENTATION_COMMENTS = YES;
				CLANG_WARN_EMPTY_BODY = YES;
				CLANG_WARN_ENUM_CONVERSION = YES;
				CLANG_WARN_INFINITE_RECURSION = YES;
				CLANG_WARN_INT_CONVERSION = YES;
				CLANG_WARN_OBJC_ROOT_CLASS = YES_ERROR;
				CLANG_WARN_SUSPICIOUS_MOVE = YES;
				CLANG_WARN_UNREACHABLE_CODE = YES;
				CLANG_WARN__DUPLICATE_METHOD_MATCH = YES;
				"CODE_SIGN_IDENTITY[sdk=iphoneos*]" = "iPhone Developer";
				COPY_PHASE_STRIP = NO;
				DEBUG_INFORMATION_FORMAT = "dwarf-with-dsym";
				ENABLE_NS_ASSERTIONS = NO;
				ENABLE_STRICT_OBJC_MSGSEND = YES;
				GCC_C_LANGUAGE_STANDARD = gnu99;
				GCC_NO_COMMON_BLOCKS = YES;
				GCC_WARN_64_TO_32_BIT_CONVERSION = YES;
				GCC_WARN_ABOUT_RETURN_TYPE = YES_ERROR;
				GCC_WARN_UNDECLARED_SELECTOR = YES;
				GCC_WARN_UNINITIALIZED_AUTOS = YES_AGGRESSIVE;
				GCC_WARN_UNUSED_FUNCTION = YES;
				GCC_WARN_UNUSED_VARIABLE = YES;
				IPHONEOS_DEPLOYMENT_TARGET = 10.2;
				MTL_ENABLE_DEBUG_INFO = NO;
				SDKROOT = iphoneos;
				SWIFT_OPTIMIZATION_LEVEL = "-Owholemodule";
				VALIDATE_PRODUCT = YES;
			};
			name = Release;
		};
		7FFD34201E85AEFC00050098 /* Debug */ = {
			isa = XCBuildConfiguration;
			buildSettings = {
				ASSETCATALOG_COMPILER_APPICON_NAME = AppIcon;
				INFOPLIST_FILE = MagicPill/Info.plist;
				LD_RUNPATH_SEARCH_PATHS = "$(inherited) @executable_path/Frameworks";
				PRODUCT_BUNDLE_IDENTIFIER = com.mycompany.MagicPill;
				PRODUCT_NAME = "$(TARGET_NAME)";
				SWIFT_VERSION = 3.0;
			};
			name = Debug;
		};
		7FFD34211E85AEFC00050098 /* Release */ = {
			isa = XCBuildConfiguration;
			buildSettings = {
				ASSETCATALOG_COMPILER_APPICON_NAME = AppIcon;
				INFOPLIST_FILE = MagicPill/Info.plist;
				LD_RUNPATH_SEARCH_PATHS = "$(inherited) @executable_path/Frameworks";
				PRODUCT_BUNDLE_IDENTIFIER = com.mycompany.MagicPill;
				PRODUCT_NAME = "$(TARGET_NAME)";
				SWIFT_VERSION = 3.0;
			};
			name = Release;
		};
/* End XCBuildConfiguration section */

/* Begin XCConfigurationList section */
		7FFD34081E85AEFB00050098 /* Build configuration list for PBXProject "MagicPill" */ = {
			isa = XCConfigurationList;
			buildConfigurations = (
				7FFD341D1E85AEFC00050098 /* Debug */,
				7FFD341E1E85AEFC00050098 /* Release */,
			);
			defaultConfigurationIsVisible = 0;
			defaultConfigurationName = Release;
		};
		7FFD341F1E85AEFC00050098 /* Build configuration list for PBXNativeTarget "MagicPill" */ = {
			isa = XCConfigurationList;
			buildConfigurations = (
				7FFD34201E85AEFC00050098 /* Debug */,
				7FFD34211E85AEFC00050098 /* Release */,
			);
			defaultConfigurationIsVisible = 0;
		};
/* End XCConfigurationList section */
	};
	rootObject = 7FFD34051E85AEFB00050098 /* Project object */;
}
